{
  "name": "@nexssp/logdebug",
  "version": "1.0.13",
  "lockfileVersion": 1,
  "requires": true,
  "dependencies": {
    "@nexssp/ansi": {
      "version": "1.1.1",
      "resolved": "https://registry.npmjs.org/@nexssp/ansi/-/ansi-1.1.1.tgz",
      "integrity": "sha512-A+LEgohLXR1Xkg6khfcdY4f97fHiBM1AzWhiDgiiSR3Z5uV96Y4lZEf/7NOxQjp3kzRE0Ey7s9mbp4UF0fRksA=="
    }
  }
}
